
Microsoft Visual Studio Solution File, Format Version 12.00
# Visual Studio Version 16
VisualStudioVersion = 16.0.30621.155
MinimumVisualStudioVersion = 10.0.40219.1
Project("{9A19103F-16F7-4668-BE54-9A1E7A4F7556}") = "BanHang.Web", "BanHang.Web\BanHang.Web.csproj", "{CC5B795E-FE30-4DCA-8560-0F0C3F8B351F}"
EndProject
Project("{9A19103F-16F7-4668-BE54-9A1E7A4F7556}") = "BanHang.Data", "BanHang.Data\BanHang.Data.csproj", "{313A01B8-F5A6-44F2-B3D7-3A170305E4B2}"
EndProject
Project("{9A19103F-16F7-4668-BE54-9A1E7A4F7556}") = "BanHang.Services", "BanHang.Services\BanHang.Services.csproj", "{18327F2C-C665-46DB-BE5F-3977141C1BC1}"
EndProject
Project("{9A19103F-16F7-4668-BE54-9A1E7A4F7556}") = "BanHang.Notification", "DARS.Notification\BanHang.Notification.csproj", "{4E0AFD10-9A7E-4B07-A0DA-21FFBCA93460}"
EndProject
Project("{9A19103F-16F7-4668-BE54-9A1E7A4F7556}") = "BanHang.Security", "DARS.Security\BanHang.Security.csproj", "{A12E6786-BEEF-4DCB-93AE-A639A813F59F}"
EndProject
Global
	GlobalSection(SolutionConfigurationPlatforms) = preSolution
		Debug|Any CPU = Debug|Any CPU
		Release|Any CPU = Release|Any CPU
	EndGlobalSection
	GlobalSection(ProjectConfigurationPlatforms) = postSolution
		{CC5B795E-FE30-4DCA-8560-0F0C3F8B351F}.Debug|Any CPU.ActiveCfg = Debug|Any CPU
		{CC5B795E-FE30-4DCA-8560-0F0C3F8B351F}.Debug|Any CPU.Build.0 = Debug|Any CPU
		{CC5B795E-FE30-4DCA-8560-0F0C3F8B351F}.Release|Any CPU.ActiveCfg = Release|Any CPU
		{CC5B795E-FE30-4DCA-8560-0F0C3F8B351F}.Release|Any CPU.Build.0 = Release|Any CPU
		{313A01B8-F5A6-44F2-B3D7-3A170305E4B2}.Debug|Any CPU.ActiveCfg = Debug|Any CPU
		{313A01B8-F5A6-44F2-B3D7-3A170305E4B2}.Debug|Any CPU.Build.0 = Debug|Any CPU
		{313A01B8-F5A6-44F2-B3D7-3A170305E4B2}.Release|Any CPU.ActiveCfg = Release|Any CPU
		{313A01B8-F5A6-44F2-B3D7-3A170305E4B2}.Release|Any CPU.Build.0 = Release|Any CPU
		{18327F2C-C665-46DB-BE5F-3977141C1BC1}.Debug|Any CPU.ActiveCfg = Debug|Any CPU
		{18327F2C-C665-46DB-BE5F-3977141C1BC1}.Debug|Any CPU.Build.0 = Debug|Any CPU
		{18327F2C-C665-46DB-BE5F-3977141C1BC1}.Release|Any CPU.ActiveCfg = Release|Any CPU
		{18327F2C-C665-46DB-BE5F-3977141C1BC1}.Release|Any CPU.Build.0 = Release|Any CPU
		{4E0AFD10-9A7E-4B07-A0DA-21FFBCA93460}.Debug|Any CPU.ActiveCfg = Debug|Any CPU
		{4E0AFD10-9A7E-4B07-A0DA-21FFBCA93460}.Debug|Any CPU.Build.0 = Debug|Any CPU
		{4E0AFD10-9A7E-4B07-A0DA-21FFBCA93460}.Release|Any CPU.ActiveCfg = Release|Any CPU
		{4E0AFD10-9A7E-4B07-A0DA-21FFBCA93460}.Release|Any CPU.Build.0 = Release|Any CPU
		{A12E6786-BEEF-4DCB-93AE-A639A813F59F}.Debug|Any CPU.ActiveCfg = Debug|Any CPU
		{A12E6786-BEEF-4DCB-93AE-A639A813F59F}.Debug|Any CPU.Build.0 = Debug|Any CPU
		{A12E6786-BEEF-4DCB-93AE-A639A813F59F}.Release|Any CPU.ActiveCfg = Release|Any CPU
		{A12E6786-BEEF-4DCB-93AE-A639A813F59F}.Release|Any CPU.Build.0 = Release|Any CPU
	EndGlobalSection
	GlobalSection(SolutionProperties) = preSolution
		HideSolutionNode = FALSE
	EndGlobalSection
	GlobalSection(ExtensibilityGlobals) = postSolution
		SolutionGuid = {FCBF3B93-F7E9-4D13-9F84-D9FE12D6E0AB}
	EndGlobalSection
EndGlobal
